PODS:
  - ESPullToRefresh (2.9)

DEPENDENCIES:
  - ESPullToRefresh (~> 2.9)

SPEC REPOS:
  https://github.com/cocoapods/specs.git:
    - ESPullToRefresh

SPEC CHECKSUMS:
  ESPullToRefresh: ce058a36454a5032519cc9d8b45da217728cf104

PODFILE CHECKSUM: 7acaa30438d3e18c04b21c3591093c59aab7176b

COCOAPODS: 1.5.3
