// !$*UTF8*$!
{
	archiveVersion = 1;
	classes = {
	};
	objectVersion = 50;
	objects = {

/* Begin PBXBuildFile section */
		889DC91A1D286C55D385E9E9 /* Pods_EJPhotoStorageTests.framework in Frameworks */ = {isa = PBXBuildFile; fileRef = 8F6A87C8418158483A44D98D /* Pods_EJPhotoStorageTests.framework */; };
		9989ACBB22E1FF0F005F05E8 /* AppDelegate.swift in Sources */ = {isa = PBXBuildFile; fileRef = 9989ACBA22E1FF0F005F05E8 /* AppDelegate.swift */; };
		9989ACC022E1FF0F005F05E8 /* Main.storyboard in Resources */ = {isa = PBXBuildFile; fileRef = 9989ACBE22E1FF0F005F05E8 /* Main.storyboard */; };
		9989ACC222E1FF10005F05E8 /* Assets.xcassets in Resources */ = {isa = PBXBuildFile; fileRef = 9989ACC122E1FF10005F05E8 /* Assets.xcassets */; };
		9989ACC522E1FF10005F05E8 /* LaunchScreen.storyboard in Resources */ = {isa = PBXBuildFile; fileRef = 9989ACC322E1FF10005F05E8 /* LaunchScreen.storyboard */; };
		9989ACD022E1FF10005F05E8 /* EJPhotoStorageTests.swift in Sources */ = {isa = PBXBuildFile; fileRef = 9989ACCF22E1FF10005F05E8 /* EJPhotoStorageTests.swift */; };
		9989ACE222E201C3005F05E8 /* PhotoDetailCollectionViewCell.swift in Sources */ = {isa = PBXBuildFile; fileRef = 9989ACE022E201C3005F05E8 /* PhotoDetailCollectionViewCell.swift */; };
		9989ACE322E201C3005F05E8 /* PhotoDetailCollectionViewCell.xib in Resources */ = {isa = PBXBuildFile; fileRef = 9989ACE122E201C3005F05E8 /* PhotoDetailCollectionViewCell.xib */; };
		9989ACE622E20231005F05E8 /* MainViewController.swift in Sources */ = {isa = PBXBuildFile; fileRef = 9989ACE522E20231005F05E8 /* MainViewController.swift */; };
		9989ACE822E2023F005F05E8 /* StorageViewController.swift in Sources */ = {isa = PBXBuildFile; fileRef = 9989ACE722E2023F005F05E8 /* StorageViewController.swift */; };
		9989ACEB22E202B0005F05E8 /* MainDetailViewController.swift in Sources */ = {isa = PBXBuildFile; fileRef = 9989ACEA22E202B0005F05E8 /* MainDetailViewController.swift */; };
		9989ACED22E202E2005F05E8 /* StorageDetailViewController.swift in Sources */ = {isa = PBXBuildFile; fileRef = 9989ACEC22E202E2005F05E8 /* StorageDetailViewController.swift */; };
		9989ACF022E20313005F05E8 /* ResultDetailCollectionViewCell.swift in Sources */ = {isa = PBXBuildFile; fileRef = 9989ACEE22E20313005F05E8 /* ResultDetailCollectionViewCell.swift */; };
		9989ACF122E20313005F05E8 /* ResultDetailCollectionViewCell.xib in Resources */ = {isa = PBXBuildFile; fileRef = 9989ACEF22E20313005F05E8 /* ResultDetailCollectionViewCell.xib */; };
		9989ACF422E2053B005F05E8 /* Photos.swift in Sources */ = {isa = PBXBuildFile; fileRef = 9989ACF322E2053B005F05E8 /* Photos.swift */; };
		9989ACF722E2075D005F05E8 /* ResultCollectionViewCell.swift in Sources */ = {isa = PBXBuildFile; fileRef = 9989ACF522E2075D005F05E8 /* ResultCollectionViewCell.swift */; };
		9989ACFA22E209A3005F05E8 /* Photo.swift in Sources */ = {isa = PBXBuildFile; fileRef = 9989ACF922E209A3005F05E8 /* Photo.swift */; };
		9989ACFD22E21696005F05E8 /* StorageCollectionViewCell.swift in Sources */ = {isa = PBXBuildFile; fileRef = 9989ACFB22E21696005F05E8 /* StorageCollectionViewCell.swift */; };
		9989AD0422E22895005F05E8 /* EJLibrary.swift in Sources */ = {isa = PBXBuildFile; fileRef = 9989AD0322E22895005F05E8 /* EJLibrary.swift */; };
		9989AD2722E35B0C005F05E8 /* NetworkManager.swift in Sources */ = {isa = PBXBuildFile; fileRef = 9989AD2622E35B0C005F05E8 /* NetworkManager.swift */; };
		D81490B2A79784323CE418B5 /* Pods_EJPhotoStorage.framework in Frameworks */ = {isa = PBXBuildFile; fileRef = 42D1A0CF25182978566AA8B5 /* Pods_EJPhotoStorage.framework */; };
/* End PBXBuildFile section */

/* Begin PBXContainerItemProxy section */
		9989ACCC22E1FF10005F05E8 /* PBXContainerItemProxy */ = {
			isa = PBXContainerItemProxy;
			containerPortal = 9989ACAF22E1FF0F005F05E8 /* Project object */;
			proxyType = 1;
			remoteGlobalIDString = 9989ACB622E1FF0F005F05E8;
			remoteInfo = EJPhotoStorage;
		};
/* End PBXContainerItemProxy section */

/* Begin PBXFileReference section */
		42D1A0CF25182978566AA8B5 /* Pods_EJPhotoStorage.framework */ = {isa = PBXFileReference; explicitFileType = wrapper.framework; includeInIndex = 0; path = Pods_EJPhotoStorage.framework; sourceTree = BUILT_PRODUCTS_DIR; };
		4CD54D90BE43E6B6807C3A37 /* Pods-EJPhotoStorageTests.debug.xcconfig */ = {isa = PBXFileReference; includeInIndex = 1; lastKnownFileType = text.xcconfig; name = "Pods-EJPhotoStorageTests.debug.xcconfig"; path = "Pods/Target Support Files/Pods-EJPhotoStorageTests/Pods-EJPhotoStorageTests.debug.xcconfig"; sourceTree = "<group>"; };
		817E119C6680A07135F9095C /* Pods-EJPhotoStorageTests.release.xcconfig */ = {isa = PBXFileReference; includeInIndex = 1; lastKnownFileType = text.xcconfig; name = "Pods-EJPhotoStorageTests.release.xcconfig"; path = "Pods/Target Support Files/Pods-EJPhotoStorageTests/Pods-EJPhotoStorageTests.release.xcconfig"; sourceTree = "<group>"; };
		8F6A87C8418158483A44D98D /* Pods_EJPhotoStorageTests.framework */ = {isa = PBXFileReference; explicitFileType = wrapper.framework; includeInIndex = 0; path = Pods_EJPhotoStorageTests.framework; sourceTree = BUILT_PRODUCTS_DIR; };
		9989ACB722E1FF0F005F05E8 /* EJPhotoStorage.app */ = {isa = PBXFileReference; explicitFileType = wrapper.application; includeInIndex = 0; path = EJPhotoStorage.app; sourceTree = BUILT_PRODUCTS_DIR; };
		9989ACBA22E1FF0F005F05E8 /* AppDelegate.swift */ = {isa = PBXFileReference; lastKnownFileType = sourcecode.swift; path = AppDelegate.swift; sourceTree = "<group>"; };
		9989ACBF22E1FF0F005F05E8 /* Base */ = {isa = PBXFileReference; lastKnownFileType = file.storyboard; name = Base; path = Base.lproj/Main.storyboard; sourceTree = "<group>"; };
		9989ACC122E1FF10005F05E8 /* Assets.xcassets */ = {isa = PBXFileReference; lastKnownFileType = folder.assetcatalog; path = Assets.xcassets; sourceTree = "<group>"; };
		9989ACC422E1FF10005F05E8 /* Base */ = {isa = PBXFileReference; lastKnownFileType = file.storyboard; name = Base; path = Base.lproj/LaunchScreen.storyboard; sourceTree = "<group>"; };
		9989ACC622E1FF10005F05E8 /* Info.plist */ = {isa = PBXFileReference; lastKnownFileType = text.plist.xml; path = Info.plist; sourceTree = "<group>"; };
		9989ACCB22E1FF10005F05E8 /* EJPhotoStorageTests.xctest */ = {isa = PBXFileReference; explicitFileType = wrapper.cfbundle; includeInIndex = 0; path = EJPhotoStorageTests.xctest; sourceTree = BUILT_PRODUCTS_DIR; };
		9989ACCF22E1FF10005F05E8 /* EJPhotoStorageTests.swift */ = {isa = PBXFileReference; lastKnownFileType = sourcecode.swift; path = EJPhotoStorageTests.swift; sourceTree = "<group>"; };
		9989ACD122E1FF10005F05E8 /* Info.plist */ = {isa = PBXFileReference; lastKnownFileType = text.plist.xml; path = Info.plist; sourceTree = "<group>"; };
		9989ACE022E201C3005F05E8 /* PhotoDetailCollectionViewCell.swift */ = {isa = PBXFileReference; lastKnownFileType = sourcecode.swift; path = PhotoDetailCollectionViewCell.swift; sourceTree = "<group>"; };
		9989ACE122E201C3005F05E8 /* PhotoDetailCollectionViewCell.xib */ = {isa = PBXFileReference; lastKnownFileType = file.xib; path = PhotoDetailCollectionViewCell.xib; sourceTree = "<group>"; };
		9989ACE522E20231005F05E8 /* MainViewController.swift */ = {isa = PBXFileReference; lastKnownFileType = sourcecode.swift; path = MainViewController.swift; sourceTree = "<group>"; };
		9989ACE722E2023F005F05E8 /* StorageViewController.swift */ = {isa = PBXFileReference; lastKnownFileType = sourcecode.swift; path = StorageViewController.swift; sourceTree = "<group>"; };
		9989ACEA22E202B0005F05E8 /* MainDetailViewController.swift */ = {isa = PBXFileReference; lastKnownFileType = sourcecode.swift; path = MainDetailViewController.swift; sourceTree = "<group>"; };
		9989ACEC22E202E2005F05E8 /* StorageDetailViewController.swift */ = {isa = PBXFileReference; lastKnownFileType = sourcecode.swift; path = StorageDetailViewController.swift; sourceTree = "<group>"; };
		9989ACEE22E20313005F05E8 /* ResultDetailCollectionViewCell.swift */ = {isa = PBXFileReference; lastKnownFileType = sourcecode.swift; path = ResultDetailCollectionViewCell.swift; sourceTree = "<group>"; };
		9989ACEF22E20313005F05E8 /* ResultDetailCollectionViewCell.xib */ = {isa = PBXFileReference; lastKnownFileType = file.xib; path = ResultDetailCollectionViewCell.xib; sourceTree = "<group>"; };
		9989ACF322E2053B005F05E8 /* Photos.swift */ = {isa = PBXFileReference; lastKnownFileType = sourcecode.swift; path = Photos.swift; sourceTree = "<group>"; };
		9989ACF522E2075D005F05E8 /* ResultCollectionViewCell.swift */ = {isa = PBXFileReference; lastKnownFileType = sourcecode.swift; path = ResultCollectionViewCell.swift; sourceTree = "<group>"; };
		9989ACF922E209A3005F05E8 /* Photo.swift */ = {isa = PBXFileReference; lastKnownFileType = sourcecode.swift; path = Photo.swift; sourceTree = "<group>"; };
		9989ACFB22E21696005F05E8 /* StorageCollectionViewCell.swift */ = {isa = PBXFileReference; lastKnownFileType = sourcecode.swift; path = StorageCollectionViewCell.swift; sourceTree = "<group>"; };
		9989AD0322E22895005F05E8 /* EJLibrary.swift */ = {isa = PBXFileReference; lastKnownFileType = sourcecode.swift; path = EJLibrary.swift; sourceTree = "<group>"; };
		9989AD2622E35B0C005F05E8 /* NetworkManager.swift */ = {isa = PBXFileReference; lastKnownFileType = sourcecode.swift; path = NetworkManager.swift; sourceTree = "<group>"; };
		B54F93242DABF9B32A356C98 /* Pods-EJPhotoStorage.debug.xcconfig */ = {isa = PBXFileReference; includeInIndex = 1; lastKnownFileType = text.xcconfig; name = "Pods-EJPhotoStorage.debug.xcconfig"; path = "Pods/Target Support Files/Pods-EJPhotoStorage/Pods-EJPhotoStorage.debug.xcconfig"; sourceTree = "<group>"; };
		BF3732A40D799A4D421B94AB /* Pods-EJPhotoStorage.release.xcconfig */ = {isa = PBXFileReference; includeInIndex = 1; lastKnownFileType = text.xcconfig; name = "Pods-EJPhotoStorage.release.xcconfig"; path = "Pods/Target Support Files/Pods-EJPhotoStorage/Pods-EJPhotoStorage.release.xcconfig"; sourceTree = "<group>"; };
/* End PBXFileReference section */

/* Begin PBXFrameworksBuildPhase section */
		9989ACB422E1FF0F005F05E8 /* Frameworks */ = {
			isa = PBXFrameworksBuildPhase;
			buildActionMask = 2147483647;
			files = (
				D81490B2A79784323CE418B5 /* Pods_EJPhotoStorage.framework in Frameworks */,
			);
			runOnlyForDeploymentPostprocessing = 0;
		};
		9989ACC822E1FF10005F05E8 /* Frameworks */ = {
			isa = PBXFrameworksBuildPhase;
			buildActionMask = 2147483647;
			files = (
				889DC91A1D286C55D385E9E9 /* Pods_EJPhotoStorageTests.framework in Frameworks */,
			);
			runOnlyForDeploymentPostprocessing = 0;
		};
/* End PBXFrameworksBuildPhase section */

/* Begin PBXGroup section */
		9989ACAE22E1FF0F005F05E8 = {
			isa = PBXGroup;
			children = (
				9989ACB922E1FF0F005F05E8 /* EJPhotoStorage */,
				9989ACCE22E1FF10005F05E8 /* EJPhotoStorageTests */,
				9989ACB822E1FF0F005F05E8 /* Products */,
				C2FF821B67B5754D770CC5B9 /* Pods */,
				CD24B5D9D693F872B90B7A32 /* Frameworks */,
			);
			sourceTree = "<group>";
		};
		9989ACB822E1FF0F005F05E8 /* Products */ = {
			isa = PBXGroup;
			children = (
				9989ACB722E1FF0F005F05E8 /* EJPhotoStorage.app */,
				9989ACCB22E1FF10005F05E8 /* EJPhotoStorageTests.xctest */,
			);
			name = Products;
			sourceTree = "<group>";
		};
		9989ACB922E1FF0F005F05E8 /* EJPhotoStorage */ = {
			isa = PBXGroup;
			children = (
				9989ACBA22E1FF0F005F05E8 /* AppDelegate.swift */,
				9989AD0322E22895005F05E8 /* EJLibrary.swift */,
				9989ACDA22E20190005F05E8 /* View */,
				9989ACF222E20524005F05E8 /* Model */,
				9989AD2522E35AE1005F05E8 /* Network */,
				9989ACE422E201EF005F05E8 /* Supporting Files */,
			);
			path = EJPhotoStorage;
			sourceTree = "<group>";
		};
		9989ACCE22E1FF10005F05E8 /* EJPhotoStorageTests */ = {
			isa = PBXGroup;
			children = (
				9989ACCF22E1FF10005F05E8 /* EJPhotoStorageTests.swift */,
				9989ACD122E1FF10005F05E8 /* Info.plist */,
			);
			path = EJPhotoStorageTests;
			sourceTree = "<group>";
		};
		9989ACDA22E20190005F05E8 /* View */ = {
			isa = PBXGroup;
			children = (
				9989ACBE22E1FF0F005F05E8 /* Main.storyboard */,
				9989ACFF22E21EFE005F05E8 /* MainView */,
				9989AD0022E21F0A005F05E8 /* MainDetailView */,
				9989AD0122E21F1C005F05E8 /* StorageView */,
				9989AD0222E21F23005F05E8 /* StorageDetailView */,
			);
			name = View;
			sourceTree = "<group>";
		};
		9989ACE422E201EF005F05E8 /* Supporting Files */ = {
			isa = PBXGroup;
			children = (
				9989ACC322E1FF10005F05E8 /* LaunchScreen.storyboard */,
				9989ACC122E1FF10005F05E8 /* Assets.xcassets */,
				9989ACC622E1FF10005F05E8 /* Info.plist */,
			);
			name = "Supporting Files";
			sourceTree = "<group>";
		};
		9989ACF222E20524005F05E8 /* Model */ = {
			isa = PBXGroup;
			children = (
				9989ACF322E2053B005F05E8 /* Photos.swift */,
				9989ACF922E209A3005F05E8 /* Photo.swift */,
			);
			name = Model;
			sourceTree = "<group>";
		};
		9989ACFF22E21EFE005F05E8 /* MainView */ = {
			isa = PBXGroup;
			children = (
				9989ACE522E20231005F05E8 /* MainViewController.swift */,
				9989ACF522E2075D005F05E8 /* ResultCollectionViewCell.swift */,
			);
			name = MainView;
			sourceTree = "<group>";
		};
		9989AD0022E21F0A005F05E8 /* MainDetailView */ = {
			isa = PBXGroup;
			children = (
				9989ACEA22E202B0005F05E8 /* MainDetailViewController.swift */,
				9989ACEE22E20313005F05E8 /* ResultDetailCollectionViewCell.swift */,
				9989ACEF22E20313005F05E8 /* ResultDetailCollectionViewCell.xib */,
			);
			name = MainDetailView;
			sourceTree = "<group>";
		};
		9989AD0122E21F1C005F05E8 /* StorageView */ = {
			isa = PBXGroup;
			children = (
				9989ACE722E2023F005F05E8 /* StorageViewController.swift */,
				9989ACFB22E21696005F05E8 /* StorageCollectionViewCell.swift */,
			);
			name = StorageView;
			sourceTree = "<group>";
		};
		9989AD0222E21F23005F05E8 /* StorageDetailView */ = {
			isa = PBXGroup;
			children = (
				9989ACEC22E202E2005F05E8 /* StorageDetailViewController.swift */,
				9989ACE022E201C3005F05E8 /* PhotoDetailCollectionViewCell.swift */,
				9989ACE122E201C3005F05E8 /* PhotoDetailCollectionViewCell.xib */,
			);
			name = StorageDetailView;
			sourceTree = "<group>";
		};
		9989AD2522E35AE1005F05E8 /* Network */ = {
			isa = PBXGroup;
			children = (
				9989AD2622E35B0C005F05E8 /* NetworkManager.swift */,
			);
			name = Network;
			sourceTree = "<group>";
		};
		C2FF821B67B5754D770CC5B9 /* Pods */ = {
			isa = PBXGroup;
			children = (
				B54F93242DABF9B32A356C98 /* Pods-EJPhotoStorage.debug.xcconfig */,
				BF3732A40D799A4D421B94AB /* Pods-EJPhotoStorage.release.xcconfig */,
				4CD54D90BE43E6B6807C3A37 /* Pods-EJPhotoStorageTests.debug.xcconfig */,
				817E119C6680A07135F9095C /* Pods-EJPhotoStorageTests.release.xcconfig */,
			);
			name = Pods;
			sourceTree = "<group>";
		};
		CD24B5D9D693F872B90B7A32 /* Frameworks */ = {
			isa = PBXGroup;
			children = (
				42D1A0CF25182978566AA8B5 /* Pods_EJPhotoStorage.framework */,
				8F6A87C8418158483A44D98D /* Pods_EJPhotoStorageTests.framework */,
			);
			name = Frameworks;
			sourceTree = "<group>";
		};
/* End PBXGroup section */

/* Begin PBXNativeTarget section */
		9989ACB622E1FF0F005F05E8 /* EJPhotoStorage */ = {
			isa = PBXNativeTarget;
			buildConfigurationList = 9989ACD422E1FF10005F05E8 /* Build configuration list for PBXNativeTarget "EJPhotoStorage" */;
			buildPhases = (
				9EC4F0EAC19E20A0D2E62646 /* [CP] Check Pods Manifest.lock */,
				9989ACB322E1FF0F005F05E8 /* Sources */,
				9989ACB422E1FF0F005F05E8 /* Frameworks */,
				9989ACB522E1FF0F005F05E8 /* Resources */,
				4B66590868FC0ABEA076B4AF /* [CP] Embed Pods Frameworks */,
			);
			buildRules = (
			);
			dependencies = (
			);
			name = EJPhotoStorage;
			productName = EJPhotoStorage;
			productReference = 9989ACB722E1FF0F005F05E8 /* EJPhotoStorage.app */;
			productType = "com.apple.product-type.application";
		};
		9989ACCA22E1FF10005F05E8 /* EJPhotoStorageTests */ = {
			isa = PBXNativeTarget;
			buildConfigurationList = 9989ACD722E1FF10005F05E8 /* Build configuration list for PBXNativeTarget "EJPhotoStorageTests" */;
			buildPhases = (
				DB3CE42599C1894CDE8BBA41 /* [CP] Check Pods Manifest.lock */,
				9989ACC722E1FF10005F05E8 /* Sources */,
				9989ACC822E1FF10005F05E8 /* Frameworks */,
				9989ACC922E1FF10005F05E8 /* Resources */,
			);
			buildRules = (
			);
			dependencies = (
				9989ACCD22E1FF10005F05E8 /* PBXTargetDependency */,
			);
			name = EJPhotoStorageTests;
			productName = EJPhotoStorageTests;
			productReference = 9989ACCB22E1FF10005F05E8 /* EJPhotoStorageTests.xctest */;
			productType = "com.apple.product-type.bundle.unit-test";
		};
/* End PBXNativeTarget section */

/* Begin PBXProject section */
		9989ACAF22E1FF0F005F05E8 /* Project object */ = {
			isa = PBXProject;
			attributes = {
				LastSwiftUpdateCheck = 1020;
				LastUpgradeCheck = 1020;
				ORGANIZATIONNAME = DEV_MOBILE_IOS_JUNIOR;
				TargetAttributes = {
					9989ACB622E1FF0F005F05E8 = {
						CreatedOnToolsVersion = 10.2.1;
					};
					9989ACCA22E1FF10005F05E8 = {
						CreatedOnToolsVersion = 10.2.1;
						TestTargetID = 9989ACB622E1FF0F005F05E8;
					};
				};
			};
			buildConfigurationList = 9989ACB222E1FF0F005F05E8 /* Build configuration list for PBXProject "EJPhotoStorage" */;
			compatibilityVersion = "Xcode 9.3";
			developmentRegion = en;
			hasScannedForEncodings = 0;
			knownRegions = (
				en,
				Base,
			);
			mainGroup = 9989ACAE22E1FF0F005F05E8;
			productRefGroup = 9989ACB822E1FF0F005F05E8 /* Products */;
			projectDirPath = "";
			projectRoot = "";
			targets = (
				9989ACB622E1FF0F005F05E8 /* EJPhotoStorage */,
				9989ACCA22E1FF10005F05E8 /* EJPhotoStorageTests */,
			);
		};
/* End PBXProject section */

/* Begin PBXResourcesBuildPhase section */
		9989ACB522E1FF0F005F05E8 /* Resources */ = {
			isa = PBXResourcesBuildPhase;
			buildActionMask = 2147483647;
			files = (
				9989ACC522E1FF10005F05E8 /* LaunchScreen.storyboard in Resources */,
				9989ACF122E20313005F05E8 /* ResultDetailCollectionViewCell.xib in Resources */,
				9989ACC222E1FF10005F05E8 /* Assets.xcassets in Resources */,
				9989ACE322E201C3005F05E8 /* PhotoDetailCollectionViewCell.xib in Resources */,
				9989ACC022E1FF0F005F05E8 /* Main.storyboard in Resources */,
			);
			runOnlyForDeploymentPostprocessing = 0;
		};
		9989ACC922E1FF10005F05E8 /* Resources */ = {
			isa = PBXResourcesBuildPhase;
			buildActionMask = 2147483647;
			files = (
			);
			runOnlyForDeploymentPostprocessing = 0;
		};
/* End PBXResourcesBuildPhase section */

/* Begin PBXShellScriptBuildPhase section */
		4B66590868FC0ABEA076B4AF /* [CP] Embed Pods Frameworks */ = {
			isa = PBXShellScriptBuildPhase;
			buildActionMask = 2147483647;
			files = (
			);
			inputPaths = (
				"${SRCROOT}/Pods/Target Support Files/Pods-EJPhotoStorage/Pods-EJPhotoStorage-frameworks.sh",
				"${BUILT_PRODUCTS_DIR}/CHTCollectionViewWaterfallLayout/CHTCollectionViewWaterfallLayout.framework",
			);
			name = "[CP] Embed Pods Frameworks";
			outputPaths = (
				"${TARGET_BUILD_DIR}/${FRAMEWORKS_FOLDER_PATH}/CHTCollectionViewWaterfallLayout.framework",
			);
			runOnlyForDeploymentPostprocessing = 0;
			shellPath = /bin/sh;
			shellScript = "\"${SRCROOT}/Pods/Target Support Files/Pods-EJPhotoStorage/Pods-EJPhotoStorage-frameworks.sh\"\n";
			showEnvVarsInLog = 0;
		};
		9EC4F0EAC19E20A0D2E62646 /* [CP] Check Pods Manifest.lock */ = {
			isa = PBXShellScriptBuildPhase;
			buildActionMask = 2147483647;
			files = (
			);
			inputPaths = (
				"${PODS_PODFILE_DIR_PATH}/Podfile.lock",
				"${PODS_ROOT}/Manifest.lock",
			);
			name = "[CP] Check Pods Manifest.lock";
			outputPaths = (
				"$(DERIVED_FILE_DIR)/Pods-EJPhotoStorage-checkManifestLockResult.txt",
			);
			runOnlyForDeploymentPostprocessing = 0;
			shellPath = /bin/sh;
			shellScript = "diff \"${PODS_PODFILE_DIR_PATH}/Podfile.lock\" \"${PODS_ROOT}/Manifest.lock\" > /dev/null\nif [ $? != 0 ] ; then\n    # print error to STDERR\n    echo \"error: The sandbox is not in sync with the Podfile.lock. Run 'pod install' or update your CocoaPods installation.\" >&2\n    exit 1\nfi\n# This output is used by Xcode 'outputs' to avoid re-running this script phase.\necho \"SUCCESS\" > \"${SCRIPT_OUTPUT_FILE_0}\"\n";
			showEnvVarsInLog = 0;
		};
		DB3CE42599C1894CDE8BBA41 /* [CP] Check Pods Manifest.lock */ = {
			isa = PBXShellScriptBuildPhase;
			buildActionMask = 2147483647;
			files = (
			);
			inputPaths = (
				"${PODS_PODFILE_DIR_PATH}/Podfile.lock",
				"${PODS_ROOT}/Manifest.lock",
			);
			name = "[CP] Check Pods Manifest.lock";
			outputPaths = (
				"$(DERIVED_FILE_DIR)/Pods-EJPhotoStorageTests-checkManifestLockResult.txt",
			);
			runOnlyForDeploymentPostprocessing = 0;
			shellPath = /bin/sh;
			shellScript = "diff \"${PODS_PODFILE_DIR_PATH}/Podfile.lock\" \"${PODS_ROOT}/Manifest.lock\" > /dev/null\nif [ $? != 0 ] ; then\n    # print error to STDERR\n    echo \"error: The sandbox is not in sync with the Podfile.lock. Run 'pod install' or update your CocoaPods installation.\" >&2\n    exit 1\nfi\n# This output is used by Xcode 'outputs' to avoid re-running this script phase.\necho \"SUCCESS\" > \"${SCRIPT_OUTPUT_FILE_0}\"\n";
			showEnvVarsInLog = 0;
		};
/* End PBXShellScriptBuildPhase section */

/* Begin PBXSourcesBuildPhase section */
		9989ACB322E1FF0F005F05E8 /* Sources */ = {
			isa = PBXSourcesBuildPhase;
			buildActionMask = 2147483647;
			files = (
				9989ACEB22E202B0005F05E8 /* MainDetailViewController.swift in Sources */,
				9989AD2722E35B0C005F05E8 /* NetworkManager.swift in Sources */,
				9989ACF722E2075D005F05E8 /* ResultCollectionViewCell.swift in Sources */,
				9989AD0422E22895005F05E8 /* EJLibrary.swift in Sources */,
				9989ACED22E202E2005F05E8 /* StorageDetailViewController.swift in Sources */,
				9989ACE822E2023F005F05E8 /* StorageViewController.swift in Sources */,
				9989ACFA22E209A3005F05E8 /* Photo.swift in Sources */,
				9989ACE222E201C3005F05E8 /* PhotoDetailCollectionViewCell.swift in Sources */,
				9989ACF422E2053B005F05E8 /* Photos.swift in Sources */,
				9989ACBB22E1FF0F005F05E8 /* AppDelegate.swift in Sources */,
				9989ACFD22E21696005F05E8 /* StorageCollectionViewCell.swift in Sources */,
				9989ACF022E20313005F05E8 /* ResultDetailCollectionViewCell.swift in Sources */,
				9989ACE622E20231005F05E8 /* MainViewController.swift in Sources */,
			);
			runOnlyForDeploymentPostprocessing = 0;
		};
		9989ACC722E1FF10005F05E8 /* Sources */ = {
			isa = PBXSourcesBuildPhase;
			buildActionMask = 2147483647;
			files = (
				9989ACD022E1FF10005F05E8 /* EJPhotoStorageTests.swift in Sources */,
			);
			runOnlyForDeploymentPostprocessing = 0;
		};
/* End PBXSourcesBuildPhase section */

/* Begin PBXTargetDependency section */
		9989ACCD22E1FF10005F05E8 /* PBXTargetDependency */ = {
			isa = PBXTargetDependency;
			target = 9989ACB622E1FF0F005F05E8 /* EJPhotoStorage */;
			targetProxy = 9989ACCC22E1FF10005F05E8 /* PBXContainerItemProxy */;
		};
/* End PBXTargetDependency section */

/* Begin PBXVariantGroup section */
		9989ACBE22E1FF0F005F05E8 /* Main.storyboard */ = {
			isa = PBXVariantGroup;
			children = (
				9989ACBF22E1FF0F005F05E8 /* Base */,
			);
			name = Main.storyboard;
			sourceTree = "<group>";
		};
		9989ACC322E1FF10005F05E8 /* LaunchScreen.storyboard */ = {
			isa = PBXVariantGroup;
			children = (
				9989ACC422E1FF10005F05E8 /* Base */,
			);
			name = LaunchScreen.storyboard;
			sourceTree = "<group>";
		};
/* End PBXVariantGroup section */

/* Begin XCBuildConfiguration section */
		9989ACD222E1FF10005F05E8 /* Debug */ = {
			isa = XCBuildConfiguration;
			buildSettings = {
				ALWAYS_SEARCH_USER_PATHS = NO;
				CLANG_ANALYZER_NONNULL = YES;
				CLANG_ANALYZER_NUMBER_OBJECT_CONVERSION = YES_AGGRESSIVE;
				CLANG_CXX_LANGUAGE_STANDARD = "gnu++14";
				CLANG_CXX_LIBRARY = "libc++";
				CLANG_ENABLE_MODULES = YES;
				CLANG_ENABLE_OBJC_ARC = YES;
				CLANG_ENABLE_OBJC_WEAK = YES;
				CLANG_WARN_BLOCK_CAPTURE_AUTORELEASING = YES;
				CLANG_WARN_BOOL_CONVERSION = YES;
				CLANG_WARN_COMMA = YES;
				CLANG_WARN_CONSTANT_CONVERSION = YES;
				CLANG_WARN_DEPRECATED_OBJC_IMPLEMENTATIONS = YES;
				CLANG_WARN_DIRECT_OBJC_ISA_USAGE = YES_ERROR;
				CLANG_WARN_DOCUMENTATION_COMMENTS = YES;
				CLANG_WARN_EMPTY_BODY = YES;
				CLANG_WARN_ENUM_CONVERSION = YES;
				CLANG_WARN_INFINITE_RECURSION = YES;
				CLANG_WARN_INT_CONVERSION = YES;
				CLANG_WARN_NON_LITERAL_NULL_CONVERSION = YES;
				CLANG_WARN_OBJC_IMPLICIT_RETAIN_SELF = YES;
				CLANG_WARN_OBJC_LITERAL_CONVERSION = YES;
				CLANG_WARN_OBJC_ROOT_CLASS = YES_ERROR;
				CLANG_WARN_RANGE_LOOP_ANALYSIS = YES;
				CLANG_WARN_STRICT_PROTOTYPES = YES;
				CLANG_WARN_SUSPICIOUS_MOVE = YES;
				CLANG_WARN_UNGUARDED_AVAILABILITY = YES_AGGRESSIVE;
				CLANG_WARN_UNREACHABLE_CODE = YES;
				CLANG_WARN__DUPLICATE_METHOD_MATCH = YES;
				CODE_SIGN_IDENTITY = "iPhone Developer";
				COPY_PHASE_STRIP = NO;
				DEBUG_INFORMATION_FORMAT = dwarf;
				ENABLE_STRICT_OBJC_MSGSEND = YES;
				ENABLE_TESTABILITY = YES;
				GCC_C_LANGUAGE_STANDARD = gnu11;
				GCC_DYNAMIC_NO_PIC = NO;
				GCC_NO_COMMON_BLOCKS = YES;
				GCC_OPTIMIZATION_LEVEL = 0;
				GCC_PREPROCESSOR_DEFINITIONS = (
					"DEBUG=1",
					"$(inherited)",
				);
				GCC_WARN_64_TO_32_BIT_CONVERSION = YES;
				GCC_WARN_ABOUT_RETURN_TYPE = YES_ERROR;
				GCC_WARN_UNDECLARED_SELECTOR = YES;
				GCC_WARN_UNINITIALIZED_AUTOS = YES_AGGRESSIVE;
				GCC_WARN_UNUSED_FUNCTION = YES;
				GCC_WARN_UNUSED_VARIABLE = YES;
				IPHONEOS_DEPLOYMENT_TARGET = 11.0;
				MTL_ENABLE_DEBUG_INFO = INCLUDE_SOURCE;
				MTL_FAST_MATH = YES;
				ONLY_ACTIVE_ARCH = YES;
				SDKROOT = iphoneos;
				SWIFT_ACTIVE_COMPILATION_CONDITIONS = DEBUG;
				SWIFT_OPTIMIZATION_LEVEL = "-Onone";
			};
			name = Debug;
		};
		9989ACD322E1FF10005F05E8 /* Release */ = {
			isa = XCBuildConfiguration;
			buildSettings = {
				ALWAYS_SEARCH_USER_PATHS = NO;
				CLANG_ANALYZER_NONNULL = YES;
				CLANG_ANALYZER_NUMBER_OBJECT_CONVERSION = YES_AGGRESSIVE;
				CLANG_CXX_LANGUAGE_STANDARD = "gnu++14";
				CLANG_CXX_LIBRARY = "libc++";
				CLANG_ENABLE_MODULES = YES;
				CLANG_ENABLE_OBJC_ARC = YES;
				CLANG_ENABLE_OBJC_WEAK = YES;
				CLANG_WARN_BLOCK_CAPTURE_AUTORELEASING = YES;
				CLANG_WARN_BOOL_CONVERSION = YES;
				CLANG_WARN_COMMA = YES;
				CLANG_WARN_CONSTANT_CONVERSION = YES;
				CLANG_WARN_DEPRECATED_OBJC_IMPLEMENTATIONS = YES;
				CLANG_WARN_DIRECT_OBJC_ISA_USAGE = YES_ERROR;
				CLANG_WARN_DOCUMENTATION_COMMENTS = YES;
				CLANG_WARN_EMPTY_BODY = YES;
				CLANG_WARN_ENUM_CONVERSION = YES;
				CLANG_WARN_INFINITE_RECURSION = YES;
				CLANG_WARN_INT_CONVERSION = YES;
				CLANG_WARN_NON_LITERAL_NULL_CONVERSION = YES;
				CLANG_WARN_OBJC_IMPLICIT_RETAIN_SELF = YES;
				CLANG_WARN_OBJC_LITERAL_CONVERSION = YES;
				CLANG_WARN_OBJC_ROOT_CLASS = YES_ERROR;
				CLANG_WARN_RANGE_LOOP_ANALYSIS = YES;
				CLANG_WARN_STRICT_PROTOTYPES = YES;
				CLANG_WARN_SUSPICIOUS_MOVE = YES;
				CLANG_WARN_UNGUARDED_AVAILABILITY = YES_AGGRESSIVE;
				CLANG_WARN_UNREACHABLE_CODE = YES;
				CLANG_WARN__DUPLICATE_METHOD_MATCH = YES;
				CODE_SIGN_IDENTITY = "iPhone Developer";
				COPY_PHASE_STRIP = NO;
				DEBUG_INFORMATION_FORMAT = "dwarf-with-dsym";
				ENABLE_NS_ASSERTIONS = NO;
				ENABLE_STRICT_OBJC_MSGSEND = YES;
				GCC_C_LANGUAGE_STANDARD = gnu11;
				GCC_NO_COMMON_BLOCKS = YES;
				GCC_WARN_64_TO_32_BIT_CONVERSION = YES;
				GCC_WARN_ABOUT_RETURN_TYPE = YES_ERROR;
				GCC_WARN_UNDECLARED_SELECTOR = YES;
				GCC_WARN_UNINITIALIZED_AUTOS = YES_AGGRESSIVE;
				GCC_WARN_UNUSED_FUNCTION = YES;
				GCC_WARN_UNUSED_VARIABLE = YES;
				IPHONEOS_DEPLOYMENT_TARGET = 11.0;
				MTL_ENABLE_DEBUG_INFO = NO;
				MTL_FAST_MATH = YES;
				SDKROOT = iphoneos;
				SWIFT_COMPILATION_MODE = wholemodule;
				SWIFT_OPTIMIZATION_LEVEL = "-O";
				VALIDATE_PRODUCT = YES;
			};
			name = Release;
		};
		9989ACD522E1FF10005F05E8 /* Debug */ = {
			isa = XCBuildConfiguration;
			baseConfigurationReference = B54F93242DABF9B32A356C98 /* Pods-EJPhotoStorage.debug.xcconfig */;
			buildSettings = {
				ASSETCATALOG_COMPILER_APPICON_NAME = AppIcon;
				CODE_SIGN_STYLE = Automatic;
				DEVELOPMENT_TEAM = 88356WAKJ6;
				INFOPLIST_FILE = EJPhotoStorage/Info.plist;
				IPHONEOS_DEPLOYMENT_TARGET = 11.0;
				LD_RUNPATH_SEARCH_PATHS = (
					"$(inherited)",
					"@executable_path/Frameworks",
				);
				PRODUCT_BUNDLE_IDENTIFIER = com.eunji.EJPhotoStorage;
				PRODUCT_NAME = "$(TARGET_NAME)";
				SWIFT_VERSION = 5.0;
				TARGETED_DEVICE_FAMILY = "1,2";
			};
			name = Debug;
		};
		9989ACD622E1FF10005F05E8 /* Release */ = {
			isa = XCBuildConfiguration;
			baseConfigurationReference = BF3732A40D799A4D421B94AB /* Pods-EJPhotoStorage.release.xcconfig */;
			buildSettings = {
				ASSETCATALOG_COMPILER_APPICON_NAME = AppIcon;
				CODE_SIGN_STYLE = Automatic;
				DEVELOPMENT_TEAM = 88356WAKJ6;
				INFOPLIST_FILE = EJPhotoStorage/Info.plist;
				IPHONEOS_DEPLOYMENT_TARGET = 11.0;
				LD_RUNPATH_SEARCH_PATHS = (
					"$(inherited)",
					"@executable_path/Frameworks",
				);
				PRODUCT_BUNDLE_IDENTIFIER = com.eunji.EJPhotoStorage;
				PRODUCT_NAME = "$(TARGET_NAME)";
				SWIFT_VERSION = 5.0;
				TARGETED_DEVICE_FAMILY = "1,2";
			};
			name = Release;
		};
		9989ACD822E1FF10005F05E8 /* Debug */ = {
			isa = XCBuildConfiguration;
			baseConfigurationReference = 4CD54D90BE43E6B6807C3A37 /* Pods-EJPhotoStorageTests.debug.xcconfig */;
			buildSettings = {
				ALWAYS_EMBED_SWIFT_STANDARD_LIBRARIES = YES;
				BUNDLE_LOADER = "$(TEST_HOST)";
				CODE_SIGN_STYLE = Automatic;
				DEVELOPMENT_TEAM = 88356WAKJ6;
				INFOPLIST_FILE = EJPhotoStorageTests/Info.plist;
				LD_RUNPATH_SEARCH_PATHS = (
					"$(inherited)",
					"@executable_path/Frameworks",
					"@loader_path/Frameworks",
				);
				PRODUCT_BUNDLE_IDENTIFIER = "-.EJPhotoStorageTests";
				PRODUCT_NAME = "$(TARGET_NAME)";
				SWIFT_VERSION = 5.0;
				TARGETED_DEVICE_FAMILY = "1,2";
				TEST_HOST = "$(BUILT_PRODUCTS_DIR)/EJPhotoStorage.app/EJPhotoStorage";
			};
			name = Debug;
		};
		9989ACD922E1FF10005F05E8 /* Release */ = {
			isa = XCBuildConfiguration;
			baseConfigurationReference = 817E119C6680A07135F9095C /* Pods-EJPhotoStorageTests.release.xcconfig */;
			buildSettings = {
				ALWAYS_EMBED_SWIFT_STANDARD_LIBRARIES = YES;
				BUNDLE_LOADER = "$(TEST_HOST)";
				CODE_SIGN_STYLE = Automatic;
				DEVELOPMENT_TEAM = 88356WAKJ6;
				INFOPLIST_FILE = EJPhotoStorageTests/Info.plist;
				LD_RUNPATH_SEARCH_PATHS = (
					"$(inherited)",
					"@executable_path/Frameworks",
					"@loader_path/Frameworks",
				);
				PRODUCT_BUNDLE_IDENTIFIER = "-.EJPhotoStorageTests";
				PRODUCT_NAME = "$(TARGET_NAME)";
				SWIFT_VERSION = 5.0;
				TARGETED_DEVICE_FAMILY = "1,2";
				TEST_HOST = "$(BUILT_PRODUCTS_DIR)/EJPhotoStorage.app/EJPhotoStorage";
			};
			name = Release;
		};
/* End XCBuildConfiguration section */

/* Begin XCConfigurationList section */
		9989ACB222E1FF0F005F05E8 /* Build configuration list for PBXProject "EJPhotoStorage" */ = {
			isa = XCConfigurationList;
			buildConfigurations = (
				9989ACD222E1FF10005F05E8 /* Debug */,
				9989ACD322E1FF10005F05E8 /* Release */,
			);
			defaultConfigurationIsVisible = 0;
			defaultConfigurationName = Release;
		};
		9989ACD422E1FF10005F05E8 /* Build configuration list for PBXNativeTarget "EJPhotoStorage" */ = {
			isa = XCConfigurationList;
			buildConfigurations = (
				9989ACD522E1FF10005F05E8 /* Debug */,
				9989ACD622E1FF10005F05E8 /* Release */,
			);
			defaultConfigurationIsVisible = 0;
			defaultConfigurationName = Release;
		};
		9989ACD722E1FF10005F05E8 /* Build configuration list for PBXNativeTarget "EJPhotoStorageTests" */ = {
			isa = XCConfigurationList;
			buildConfigurations = (
				9989ACD822E1FF10005F05E8 /* Debug */,
				9989ACD922E1FF10005F05E8 /* Release */,
			);
			defaultConfigurationIsVisible = 0;
			defaultConfigurationName = Release;
		};
/* End XCConfigurationList section */
	};
	rootObject = 9989ACAF22E1FF0F005F05E8 /* Project object */;
}
